
Microsoft Visual Studio Solution File, Format Version 12.00
# Visual Studio Version 16
VisualStudioVersion = 16.0.29911.84
MinimumVisualStudioVersion = 10.0.40219.1
Project("{888888A0-9F3D-457C-B088-3A5042F75D52}") = "clean_code", "clean_code\clean_code.pyproj", "{CC98ADC6-EF14-4C53-BFF9-8C40208959DA}"
EndProject
Global
	GlobalSection(SolutionConfigurationPlatforms) = preSolution
		Debug|Any CPU = Debug|Any CPU
		Release|Any CPU = Release|Any CPU
	EndGlobalSection
	GlobalSection(ProjectConfigurationPlatforms) = postSolution
		{CC98ADC6-EF14-4C53-BFF9-8C40208959DA}.Debug|Any CPU.ActiveCfg = Debug|Any CPU
		{CC98ADC6-EF14-4C53-BFF9-8C40208959DA}.Release|Any CPU.ActiveCfg = Release|Any CPU
	EndGlobalSection
	GlobalSection(SolutionProperties) = preSolution
		HideSolutionNode = FALSE
	EndGlobalSection
	GlobalSection(ExtensibilityGlobals) = postSolution
		SolutionGuid = {37BC4F94-A7C3-4A6E-8EAF-58A141C6BC41}
	EndGlobalSection
EndGlobal
